
Microsoft Visual Studio Solution File, Format Version 12.00
# Visual Studio Version 16
VisualStudioVersion = 16.0.31729.503
MinimumVisualStudioVersion = 10.0.40219.1
Project("{8BC9CEB8-8B4A-11D0-8D11-00A0C91BC942}") = "Schleifen", "Schleifen\Schleifen.vcxproj", "{621747E2-9D26-4108-BCBB-93ADB890E52D}"
EndProject
Global
	GlobalSection(SolutionConfigurationPlatforms) = preSolution
		Debug|x64 = Debug|x64
		Debug|x86 = Debug|x86
		Release|x64 = Release|x64
		Release|x86 = Release|x86
	EndGlobalSection
	GlobalSection(ProjectConfigurationPlatforms) = postSolution
		{621747E2-9D26-4108-BCBB-93ADB890E52D}.Debug|x64.ActiveCfg = Debug|x64
		{621747E2-9D26-4108-BCBB-93ADB890E52D}.Debug|x64.Build.0 = Debug|x64
		{621747E2-9D26-4108-BCBB-93ADB890E52D}.Debug|x86.ActiveCfg = Debug|Win32
		{621747E2-9D26-4108-BCBB-93ADB890E52D}.Debug|x86.Build.0 = Debug|Win32
		{621747E2-9D26-4108-BCBB-93ADB890E52D}.Release|x64.ActiveCfg = Release|x64
		{621747E2-9D26-4108-BCBB-93ADB890E52D}.Release|x64.Build.0 = Release|x64
		{621747E2-9D26-4108-BCBB-93ADB890E52D}.Release|x86.ActiveCfg = Release|Win32
		{621747E2-9D26-4108-BCBB-93ADB890E52D}.Release|x86.Build.0 = Release|Win32
	EndGlobalSection
	GlobalSection(SolutionProperties) = preSolution
		HideSolutionNode = FALSE
	EndGlobalSection
	GlobalSection(ExtensibilityGlobals) = postSolution
		SolutionGuid = {4DE65468-5ACB-4C6A-835E-35171453821A}
	EndGlobalSection
EndGlobal
